{
  "name": "com.outsystems.plugins.geolocation",
  "version": "1.1.0",
  "lockfileVersion": 3,
  "requires": true,
  "packages": {
    "": {
      "name": "com.outsystems.plugins.geolocation",
      "version": "1.1.0",
      "devDependencies": {
        "@types/node": "^20.14.8",
        "typescript": "~5.4.5"
      }
    },
    "node_modules/@types/node": {
      "version": "20.17.6",
      "resolved": "https://registry.npmjs.org/@types/node/-/node-20.17.6.tgz",
      "integrity": "sha512-VEI7OdvK2wP7XHnsuXbAJnEpEkF6NjSN45QJlL4VGqZSXsnicpesdTWsg9RISeSdYd3yeRj/y3k5KGjUXYnFwQ==",
      "dev": true,
      "license": "MIT",
      "dependencies": {
        "undici-types": "~6.19.2"
      }
    },
    "node_modules/typescript": {
      "version": "5.4.5",
      "resolved": "https://registry.npmjs.org/typescript/-/typescript-5.4.5.tgz",
      "integrity": "sha512-vcI4UpRgg81oIRUFwR0WSIHKt11nJ7SAVlYNIu+QpqeyXP+gpQJy/Z4+F0aGxSE4MqwjyXvW/TzgkLAx2AGHwQ==",
      "dev": true,
      "license": "Apache-2.0",
      "bin": {
        "tsc": "bin/tsc",
        "tsserver": "bin/tsserver"
      },
      "engines": {
        "node": ">=14.17"
      }
    },
    "node_modules/undici-types": {
      "version": "6.19.8",
      "resolved": "https://registry.npmjs.org/undici-types/-/undici-types-6.19.8.tgz",
      "integrity": "sha512-ve2KP6f/JnbPBFyobGHuerC9g1FYGn/F8n1LWTwNxCEzd6IfqTwUQcNXgEtmmQ6DlRrC1hrSrBnCZPokRrDHjw==",
      "dev": true,
      "license": "MIT"
    },
    "packages/capacitor-plugin": {
      "name": "capacitor-geolocation",
      "version": "0.0.1",
      "extraneous": true,
      "license": "MIT",
      "dependencies": {
        "@capacitor/synapse": "^1.0.1"
      },
      "devDependencies": {
        "@capacitor/android": "^6.0.0",
        "@capacitor/core": "^6.0.0",
        "@capacitor/docgen": "^0.2.2",
        "@capacitor/ios": "^6.0.0",
        "@ionic/eslint-config": "^0.4.0",
        "@ionic/prettier-config": "^4.0.0",
        "@ionic/swiftlint-config": "^2.0.0",
        "@types/node": "^20.14.8",
        "eslint": "^8.57.0",
        "prettier": "^3.3.3",
        "prettier-plugin-java": "^2.6.4",
        "rimraf": "^6.0.1",
        "rollup": "^4.24.0",
        "swiftlint": "^2.0.0",
        "typescript": "~5.4.5"
      },
      "peerDependencies": {
        "@capacitor/core": "^6.0.0"
      }
    },
    "packages/cordova-plugin": {
      "name": "com.outsystems.cordova.plugins.geolocation",
      "version": "1.0.0",
      "extraneous": true,
      "license": "Apache-2.0",
      "dependencies": {
        "@capacitor/synapse": "^1.0.1"
      },
      "devDependencies": {
        "@rollup/plugin-typescript": "^11.1.6",
        "@types/cordova": "^11.0.3",
        "@types/node": "^20.14.8",
        "cordova-common": "^5.0.0",
        "eslint": "^7.11.0",
        "prettier": "~2.3.0",
        "rimraf": "^3.0.2",
        "typescript": "~5.4.5",
        "vite": "^5.2.11",
        "vite-plugin-dts": "^3.9.1"
      }
    },
    "packages/example-app-cordova": {
      "name": "com.outsystems.exampleucapp.cordova",
      "version": "1.0.0",
      "extraneous": true,
      "license": "Apache-2.0",
      "devDependencies": {
        "com.outsystems.cordova.plugins.geolocation": "file:../cordova-plugin",
        "cordova-android": "^13.0.0",
        "cordova-ios": "^7.1.1"
      }
    },
    "packages/example-uc-app-capacitor": {
      "name": "capacitor-app",
      "version": "1.0.0",
      "extraneous": true,
      "license": "ISC",
      "dependencies": {
        "@capacitor/android": "latest",
        "@capacitor/camera": "latest",
        "@capacitor/core": "latest",
        "@capacitor/ios": "latest",
        "@capacitor/splash-screen": "latest",
        "demo_plugin": "file:../capacitor-plugin"
      },
      "devDependencies": {
        "@capacitor/cli": "latest",
        "vite": "^5.0.0"
      }
    }
  }
}
